
Microsoft Visual Studio Solution File, Format Version 12.00
Project("{FAE04EC0-301F-11D3-BF4B-00C04F79EFBC}") = "Laboratory 4", "Laboratory 4\Laboratory 4.csproj", "{6DF1B1F8-7793-4598-B496-1CC39D770CFF}"
EndProject
Global
	GlobalSection(SolutionConfigurationPlatforms) = preSolution
		Debug|Any CPU = Debug|Any CPU
		Release|Any CPU = Release|Any CPU
	EndGlobalSection
	GlobalSection(ProjectConfigurationPlatforms) = postSolution
		{6DF1B1F8-7793-4598-B496-1CC39D770CFF}.Debug|Any CPU.ActiveCfg = Debug|Any CPU
		{6DF1B1F8-7793-4598-B496-1CC39D770CFF}.Debug|Any CPU.Build.0 = Debug|Any CPU
		{6DF1B1F8-7793-4598-B496-1CC39D770CFF}.Release|Any CPU.ActiveCfg = Release|Any CPU
		{6DF1B1F8-7793-4598-B496-1CC39D770CFF}.Release|Any CPU.Build.0 = Release|Any CPU
	EndGlobalSection
EndGlobal
