
Microsoft Visual Studio Solution File, Format Version 12.00
Project("{FAE04EC0-301F-11D3-BF4B-00C04F79EFBC}") = "Laboratory work 3", "Laboratory work 3\Laboratory work 3.csproj", "{B94C0613-81D0-4640-9DF8-9706A1D466EE}"
EndProject
Global
	GlobalSection(SolutionConfigurationPlatforms) = preSolution
		Debug|Any CPU = Debug|Any CPU
		Release|Any CPU = Release|Any CPU
	EndGlobalSection
	GlobalSection(ProjectConfigurationPlatforms) = postSolution
		{B94C0613-81D0-4640-9DF8-9706A1D466EE}.Debug|Any CPU.ActiveCfg = Debug|Any CPU
		{B94C0613-81D0-4640-9DF8-9706A1D466EE}.Debug|Any CPU.Build.0 = Debug|Any CPU
		{B94C0613-81D0-4640-9DF8-9706A1D466EE}.Release|Any CPU.ActiveCfg = Release|Any CPU
		{B94C0613-81D0-4640-9DF8-9706A1D466EE}.Release|Any CPU.Build.0 = Release|Any CPU
	EndGlobalSection
EndGlobal
